{
    "_readme": [
        "This file locks the dependencies of your project to a known state",
        "Read more about it at https://getcomposer.org/doc/01-basic-usage.md#composer-lock-the-lock-file",
        "This file is @generated automatically"
    ],
    "hash": "762c6ccc9b262dd756847bb156560783",
    "content-hash": "0fab967c310b13021b7ffc495c8aedaf",
    "packages": [
        {
            "name": "elementsproject/lightning-strike-client-php",
            "version": "dev-master",
            "source": {
                "type": "git",
                "url": "https://github.com/ElementsProject/lightning-strike-client-php.git",
                "reference": "5ad6308d7e056e11532dd331d6c0cbad0d1e63fc"
            },
            "dist": {
                "type": "zip",
                "url": "https://api.github.com/repos/ElementsProject/lightning-strike-client-php/zipball/5ad6308d7e056e11532dd331d6c0cbad0d1e63fc",
                "reference": "5ad6308d7e056e11532dd331d6c0cbad0d1e63fc",
                "shasum": ""
            },
            "require": {
                "tcdent/php-restclient": "^0.1"
            },
            "require-dev": {
                "clue/phar-composer": "^1.0",
                "phpunit/phpunit": "^6.4"
            },
            "type": "library",
            "autoload": {
                "files": [
                    "client.php"
                ]
            },
            "notification-url": "https://packagist.org/downloads/",
            "license": [
                "MIT"
            ],
            "description": "PHP client for the Lightning Strike REST API",
            "time": "2017-11-23 01:45:51"
        },
        {
            "name": "tcdent/php-restclient",
            "version": "0.1.7",
            "source": {
                "type": "git",
                "url": "https://github.com/tcdent/php-restclient.git",
                "reference": "4522e8518eaef770d715977fcb45f187f8ad7499"
            },
            "dist": {
                "type": "zip",
                "url": "https://api.github.com/repos/tcdent/php-restclient/zipball/4522e8518eaef770d715977fcb45f187f8ad7499",
                "reference": "4522e8518eaef770d715977fcb45f187f8ad7499",
                "shasum": ""
            },
            "require": {
                "ext-curl": "*",
                "ext-json": "*",
                "php": ">=5.4.0"
            },
            "require-dev": {
                "php": ">=5.5.7",
                "phpunit/phpunit": ">=4.5"
            },
            "type": "library",
            "autoload": {
                "files": [
                    "restclient.php"
                ]
            },
            "notification-url": "https://packagist.org/downloads/",
            "license": [
                "MIT"
            ],
            "authors": [
                {
                    "name": "Travis Dent",
                    "email": "tcdent@gmail.com",
                    "role": "Developer"
                }
            ],
            "description": "A generic REST API client for PHP",
            "homepage": "http://github.com/tcdent/php-restclient",
            "keywords": [
                "api",
                "client",
                "curl",
                "json",
                "rest",
                "xml"
            ],
            "time": "2017-09-07 20:44:36"
        }
    ],
    "packages-dev": [],
    "aliases": [],
    "minimum-stability": "dev",
    "stability-flags": {
        "elementsproject/lightning-strike-client-php": 20
    },
    "prefer-stable": false,
    "prefer-lowest": false,
    "platform": [],
    "platform-dev": []
}
